PODS:
  - ActionSheetPicker-3.0 (1.7.1)
  - Alamofire (1.3.1)
  - Colorkit (0.1.0)
  - EstimoteSDK (3.4.0)
  - konashi-ios-sdk (4.0.1)
  - SwiftyJSON (2.2.1)

DEPENDENCIES:
  - ActionSheetPicker-3.0 (~> 1.7.1)
  - Alamofire (~> 1.3)
  - Colorkit
  - EstimoteSDK
  - konashi-ios-sdk (~> 4.0.0)
  - SwiftyJSON (~> 2.2.1)

SPEC CHECKSUMS:
  ActionSheetPicker-3.0: 28a795c376f9d76850cb56eaf7dd5cf9a9088223
  Alamofire: e4ab637e3195b645c814b87a652373439e59f2a4
  Colorkit: 796f40223fbbec3fc9c24d32608202ef82bfb90a
  EstimoteSDK: 2a8a44d63bfd6a69b1729a2853e737d1442b53a3
  konashi-ios-sdk: 2a11146c5fd2fecb39dd0531201e4b836dea8f11
  SwiftyJSON: ae2d0a3d68025d136602a33c4ee215091ced3e33

COCOAPODS: 0.38.2
